
Microsoft Visual Studio Solution File, Format Version 12.00
Project("{FAE04EC0-301F-11D3-BF4B-00C04F79EFBC}") = "WebApp", "WebApp\WebApp.csproj", "{135A5D45-F33B-45E9-957A-1BAE0DDA159B}"
EndProject
Project("{2150E333-8FDC-42A3-9474-1A3956D46DE8}") = "1SolutionFolder", "1SolutionFolder", "{DF129CA2-4646-434F-A568-FFF77DDF03CF}"
	ProjectSection(SolutionItems) = preProject
		..\..\..\OneDrive\Рабочий стол\Directory.build.props = ..\..\..\OneDrive\Рабочий стол\Directory.build.props
	EndProjectSection
EndProject
Project("{FAE04EC0-301F-11D3-BF4B-00C04F79EFBC}") = "APP.Domain", "APP.Domain\APP.Domain.csproj", "{C40E0B1D-2C56-412A-BD6A-1C49F663CEA2}"
EndProject
Project("{2150E333-8FDC-42A3-9474-1A3956D46DE8}") = "APP", "APP", "{F2FE00C2-9B9F-4061-95E7-9A5E49B82722}"
EndProject
Project("{2150E333-8FDC-42A3-9474-1A3956D46DE8}") = "BASE", "BASE", "{BA8D0DAE-17AD-417F-A335-DF19CDE4D8EE}"
EndProject
Project("{FAE04EC0-301F-11D3-BF4B-00C04F79EFBC}") = "BASE.Domain", "BASE.Domain\BASE.Domain.csproj", "{3C441157-552A-47A2-B9B3-DBB604C71889}"
EndProject
Project("{FAE04EC0-301F-11D3-BF4B-00C04F79EFBC}") = "BASE.Contracts", "BASE.Contracts\BASE.Contracts.csproj", "{EDCF6EF2-C4D0-4415-94B7-552C23917B80}"
EndProject
Project("{FAE04EC0-301F-11D3-BF4B-00C04F79EFBC}") = "APP.DTO", "APP.DTO\APP.DTO.csproj", "{EFEAD837-525A-434E-89C6-9DA50C485B90}"
EndProject
Project("{FAE04EC0-301F-11D3-BF4B-00C04F79EFBC}") = "APP.DAL.DTO", "APP.DAL.DTO\APP.DAL.DTO.csproj", "{AB0FECAE-B840-4CC1-9F79-0943343D191D}"
EndProject
Project("{FAE04EC0-301F-11D3-BF4B-00C04F79EFBC}") = "APP.DAL.EF", "APP.DAL.EF\APP.DAL.EF.csproj", "{F2707800-7902-4492-9F30-5ADF7BCEFD98}"
EndProject
Project("{FAE04EC0-301F-11D3-BF4B-00C04F79EFBC}") = "BASE.Helpers", "BASE.Helpers\BASE.Helpers.csproj", "{5E135493-07F7-4A40-B708-779AB7A1246C}"
EndProject
Project("{FAE04EC0-301F-11D3-BF4B-00C04F79EFBC}") = "BASE.DAL.EF", "BASE.DAL.EF\BASE.DAL.EF.csproj", "{BD738F3F-345E-418C-8677-52128CBB89D1}"
EndProject
Project("{FAE04EC0-301F-11D3-BF4B-00C04F79EFBC}") = "BASE.DAL.Contracts", "BASE.DAL.Contracts\BASE.DAL.Contracts.csproj", "{759E4140-9730-4B7F-92A5-E5FB5BC9C640}"
EndProject
Project("{FAE04EC0-301F-11D3-BF4B-00C04F79EFBC}") = "APP.DAL.Contracts", "APP.DAL.Contracts\APP.DAL.Contracts.csproj", "{A2AE5D9E-D91C-4547-91E1-AD5362458B8D}"
EndProject
Project("{FAE04EC0-301F-11D3-BF4B-00C04F79EFBC}") = "BASE.Resources", "BASE.Resources\BASE.Resources.csproj", "{DCDE9D02-D196-455C-ACED-D175E8202956}"
EndProject
Project("{FAE04EC0-301F-11D3-BF4B-00C04F79EFBC}") = "APP.Resources", "APP.Resources\APP.Resources.csproj", "{A734531C-ADF1-4286-AA1E-5FD46F5C4562}"
EndProject
Project("{FAE04EC0-301F-11D3-BF4B-00C04F79EFBC}") = "BASE.BLL", "BASE.BLL\BASE.BLL.csproj", "{D743E1A5-DCA7-4D62-9CE6-9CE6594531FD}"
EndProject
Project("{FAE04EC0-301F-11D3-BF4B-00C04F79EFBC}") = "BASE.BLL.Contracts", "BASE.BLL.Contracts\BASE.BLL.Contracts.csproj", "{61D19CB7-EA7C-4FB3-B7DA-71A433370EB7}"
EndProject
Project("{FAE04EC0-301F-11D3-BF4B-00C04F79EFBC}") = "APP.BLL.DTO", "APP.BLL.DTO\APP.BLL.DTO.csproj", "{3A6D2A5D-20F5-4588-B6B5-B9FE0C45A122}"
EndProject
Global
	GlobalSection(SolutionConfigurationPlatforms) = preSolution
		Debug|Any CPU = Debug|Any CPU
		Release|Any CPU = Release|Any CPU
	EndGlobalSection
	GlobalSection(ProjectConfigurationPlatforms) = postSolution
		{135A5D45-F33B-45E9-957A-1BAE0DDA159B}.Debug|Any CPU.ActiveCfg = Debug|Any CPU
		{135A5D45-F33B-45E9-957A-1BAE0DDA159B}.Debug|Any CPU.Build.0 = Debug|Any CPU
		{135A5D45-F33B-45E9-957A-1BAE0DDA159B}.Release|Any CPU.ActiveCfg = Release|Any CPU
		{135A5D45-F33B-45E9-957A-1BAE0DDA159B}.Release|Any CPU.Build.0 = Release|Any CPU
		{C40E0B1D-2C56-412A-BD6A-1C49F663CEA2}.Debug|Any CPU.ActiveCfg = Debug|Any CPU
		{C40E0B1D-2C56-412A-BD6A-1C49F663CEA2}.Debug|Any CPU.Build.0 = Debug|Any CPU
		{C40E0B1D-2C56-412A-BD6A-1C49F663CEA2}.Release|Any CPU.ActiveCfg = Release|Any CPU
		{C40E0B1D-2C56-412A-BD6A-1C49F663CEA2}.Release|Any CPU.Build.0 = Release|Any CPU
		{3C441157-552A-47A2-B9B3-DBB604C71889}.Debug|Any CPU.ActiveCfg = Debug|Any CPU
		{3C441157-552A-47A2-B9B3-DBB604C71889}.Debug|Any CPU.Build.0 = Debug|Any CPU
		{3C441157-552A-47A2-B9B3-DBB604C71889}.Release|Any CPU.ActiveCfg = Release|Any CPU
		{3C441157-552A-47A2-B9B3-DBB604C71889}.Release|Any CPU.Build.0 = Release|Any CPU
		{EDCF6EF2-C4D0-4415-94B7-552C23917B80}.Debug|Any CPU.ActiveCfg = Debug|Any CPU
		{EDCF6EF2-C4D0-4415-94B7-552C23917B80}.Debug|Any CPU.Build.0 = Debug|Any CPU
		{EDCF6EF2-C4D0-4415-94B7-552C23917B80}.Release|Any CPU.ActiveCfg = Release|Any CPU
		{EDCF6EF2-C4D0-4415-94B7-552C23917B80}.Release|Any CPU.Build.0 = Release|Any CPU
		{EFEAD837-525A-434E-89C6-9DA50C485B90}.Debug|Any CPU.ActiveCfg = Debug|Any CPU
		{EFEAD837-525A-434E-89C6-9DA50C485B90}.Debug|Any CPU.Build.0 = Debug|Any CPU
		{EFEAD837-525A-434E-89C6-9DA50C485B90}.Release|Any CPU.ActiveCfg = Release|Any CPU
		{EFEAD837-525A-434E-89C6-9DA50C485B90}.Release|Any CPU.Build.0 = Release|Any CPU
		{AB0FECAE-B840-4CC1-9F79-0943343D191D}.Debug|Any CPU.ActiveCfg = Debug|Any CPU
		{AB0FECAE-B840-4CC1-9F79-0943343D191D}.Debug|Any CPU.Build.0 = Debug|Any CPU
		{AB0FECAE-B840-4CC1-9F79-0943343D191D}.Release|Any CPU.ActiveCfg = Release|Any CPU
		{AB0FECAE-B840-4CC1-9F79-0943343D191D}.Release|Any CPU.Build.0 = Release|Any CPU
		{F2707800-7902-4492-9F30-5ADF7BCEFD98}.Debug|Any CPU.ActiveCfg = Debug|Any CPU
		{F2707800-7902-4492-9F30-5ADF7BCEFD98}.Debug|Any CPU.Build.0 = Debug|Any CPU
		{F2707800-7902-4492-9F30-5ADF7BCEFD98}.Release|Any CPU.ActiveCfg = Release|Any CPU
		{F2707800-7902-4492-9F30-5ADF7BCEFD98}.Release|Any CPU.Build.0 = Release|Any CPU
		{5E135493-07F7-4A40-B708-779AB7A1246C}.Debug|Any CPU.ActiveCfg = Debug|Any CPU
		{5E135493-07F7-4A40-B708-779AB7A1246C}.Debug|Any CPU.Build.0 = Debug|Any CPU
		{5E135493-07F7-4A40-B708-779AB7A1246C}.Release|Any CPU.ActiveCfg = Release|Any CPU
		{5E135493-07F7-4A40-B708-779AB7A1246C}.Release|Any CPU.Build.0 = Release|Any CPU
		{BD738F3F-345E-418C-8677-52128CBB89D1}.Debug|Any CPU.ActiveCfg = Debug|Any CPU
		{BD738F3F-345E-418C-8677-52128CBB89D1}.Debug|Any CPU.Build.0 = Debug|Any CPU
		{BD738F3F-345E-418C-8677-52128CBB89D1}.Release|Any CPU.ActiveCfg = Release|Any CPU
		{BD738F3F-345E-418C-8677-52128CBB89D1}.Release|Any CPU.Build.0 = Release|Any CPU
		{759E4140-9730-4B7F-92A5-E5FB5BC9C640}.Debug|Any CPU.ActiveCfg = Debug|Any CPU
		{759E4140-9730-4B7F-92A5-E5FB5BC9C640}.Debug|Any CPU.Build.0 = Debug|Any CPU
		{759E4140-9730-4B7F-92A5-E5FB5BC9C640}.Release|Any CPU.ActiveCfg = Release|Any CPU
		{759E4140-9730-4B7F-92A5-E5FB5BC9C640}.Release|Any CPU.Build.0 = Release|Any CPU
		{A2AE5D9E-D91C-4547-91E1-AD5362458B8D}.Debug|Any CPU.ActiveCfg = Debug|Any CPU
		{A2AE5D9E-D91C-4547-91E1-AD5362458B8D}.Debug|Any CPU.Build.0 = Debug|Any CPU
		{A2AE5D9E-D91C-4547-91E1-AD5362458B8D}.Release|Any CPU.ActiveCfg = Release|Any CPU
		{A2AE5D9E-D91C-4547-91E1-AD5362458B8D}.Release|Any CPU.Build.0 = Release|Any CPU
		{DCDE9D02-D196-455C-ACED-D175E8202956}.Debug|Any CPU.ActiveCfg = Debug|Any CPU
		{DCDE9D02-D196-455C-ACED-D175E8202956}.Debug|Any CPU.Build.0 = Debug|Any CPU
		{DCDE9D02-D196-455C-ACED-D175E8202956}.Release|Any CPU.ActiveCfg = Release|Any CPU
		{DCDE9D02-D196-455C-ACED-D175E8202956}.Release|Any CPU.Build.0 = Release|Any CPU
		{A734531C-ADF1-4286-AA1E-5FD46F5C4562}.Debug|Any CPU.ActiveCfg = Debug|Any CPU
		{A734531C-ADF1-4286-AA1E-5FD46F5C4562}.Debug|Any CPU.Build.0 = Debug|Any CPU
		{A734531C-ADF1-4286-AA1E-5FD46F5C4562}.Release|Any CPU.ActiveCfg = Release|Any CPU
		{A734531C-ADF1-4286-AA1E-5FD46F5C4562}.Release|Any CPU.Build.0 = Release|Any CPU
		{D743E1A5-DCA7-4D62-9CE6-9CE6594531FD}.Debug|Any CPU.ActiveCfg = Debug|Any CPU
		{D743E1A5-DCA7-4D62-9CE6-9CE6594531FD}.Debug|Any CPU.Build.0 = Debug|Any CPU
		{D743E1A5-DCA7-4D62-9CE6-9CE6594531FD}.Release|Any CPU.ActiveCfg = Release|Any CPU
		{D743E1A5-DCA7-4D62-9CE6-9CE6594531FD}.Release|Any CPU.Build.0 = Release|Any CPU
		{61D19CB7-EA7C-4FB3-B7DA-71A433370EB7}.Debug|Any CPU.ActiveCfg = Debug|Any CPU
		{61D19CB7-EA7C-4FB3-B7DA-71A433370EB7}.Debug|Any CPU.Build.0 = Debug|Any CPU
		{61D19CB7-EA7C-4FB3-B7DA-71A433370EB7}.Release|Any CPU.ActiveCfg = Release|Any CPU
		{61D19CB7-EA7C-4FB3-B7DA-71A433370EB7}.Release|Any CPU.Build.0 = Release|Any CPU
		{3A6D2A5D-20F5-4588-B6B5-B9FE0C45A122}.Debug|Any CPU.ActiveCfg = Debug|Any CPU
		{3A6D2A5D-20F5-4588-B6B5-B9FE0C45A122}.Debug|Any CPU.Build.0 = Debug|Any CPU
		{3A6D2A5D-20F5-4588-B6B5-B9FE0C45A122}.Release|Any CPU.ActiveCfg = Release|Any CPU
		{3A6D2A5D-20F5-4588-B6B5-B9FE0C45A122}.Release|Any CPU.Build.0 = Release|Any CPU
	EndGlobalSection
	GlobalSection(NestedProjects) = preSolution
		{C40E0B1D-2C56-412A-BD6A-1C49F663CEA2} = {F2FE00C2-9B9F-4061-95E7-9A5E49B82722}
		{3C441157-552A-47A2-B9B3-DBB604C71889} = {BA8D0DAE-17AD-417F-A335-DF19CDE4D8EE}
		{EDCF6EF2-C4D0-4415-94B7-552C23917B80} = {BA8D0DAE-17AD-417F-A335-DF19CDE4D8EE}
		{EFEAD837-525A-434E-89C6-9DA50C485B90} = {F2FE00C2-9B9F-4061-95E7-9A5E49B82722}
		{135A5D45-F33B-45E9-957A-1BAE0DDA159B} = {F2FE00C2-9B9F-4061-95E7-9A5E49B82722}
		{AB0FECAE-B840-4CC1-9F79-0943343D191D} = {F2FE00C2-9B9F-4061-95E7-9A5E49B82722}
		{F2707800-7902-4492-9F30-5ADF7BCEFD98} = {F2FE00C2-9B9F-4061-95E7-9A5E49B82722}
		{5E135493-07F7-4A40-B708-779AB7A1246C} = {BA8D0DAE-17AD-417F-A335-DF19CDE4D8EE}
		{BD738F3F-345E-418C-8677-52128CBB89D1} = {BA8D0DAE-17AD-417F-A335-DF19CDE4D8EE}
		{759E4140-9730-4B7F-92A5-E5FB5BC9C640} = {BA8D0DAE-17AD-417F-A335-DF19CDE4D8EE}
		{A2AE5D9E-D91C-4547-91E1-AD5362458B8D} = {F2FE00C2-9B9F-4061-95E7-9A5E49B82722}
		{DCDE9D02-D196-455C-ACED-D175E8202956} = {BA8D0DAE-17AD-417F-A335-DF19CDE4D8EE}
		{A734531C-ADF1-4286-AA1E-5FD46F5C4562} = {F2FE00C2-9B9F-4061-95E7-9A5E49B82722}
		{D743E1A5-DCA7-4D62-9CE6-9CE6594531FD} = {BA8D0DAE-17AD-417F-A335-DF19CDE4D8EE}
		{61D19CB7-EA7C-4FB3-B7DA-71A433370EB7} = {BA8D0DAE-17AD-417F-A335-DF19CDE4D8EE}
		{3A6D2A5D-20F5-4588-B6B5-B9FE0C45A122} = {F2FE00C2-9B9F-4061-95E7-9A5E49B82722}
	EndGlobalSection
EndGlobal
